{
  "version": 4,
  "terraform_version": "1.0.11",
  "serial": 16,
  "lineage": "8e59f8d8-1ab8-5740-b043-b06d550f1fd4",
  "outputs": {
    "ip": {
      "value": "34.83.150.21",
      "type": "string"
    }
  },
  "resources": [
    {
      "mode": "managed",
      "type": "google_compute_firewall",
      "name": "default",
      "provider": "provider[\"registry.terraform.io/hashicorp/google\"]",
      "instances": [
        {
          "schema_version": 1,
          "attributes": {
            "allow": [
              {
                "ports": [
                  "5000"
                ],
                "protocol": "tcp"
              }
            ],
            "creation_timestamp": "2021-11-17T00:33:01.931-08:00",
            "deny": [],
            "description": "",
            "destination_ranges": [],
            "direction": "INGRESS",
            "disabled": false,
            "enable_logging": null,
            "id": "projects/mlops-332118/global/firewalls/flask-app-firewall",
            "log_config": [],
            "name": "flask-app-firewall",
            "network": "https://www.googleapis.com/compute/v1/projects/mlops-332118/global/networks/default",
            "priority": 1000,
            "project": "mlops-332118",
            "self_link": "https://www.googleapis.com/compute/v1/projects/mlops-332118/global/firewalls/flask-app-firewall",
            "source_ranges": [
              "0.0.0.0/0"
            ],
            "source_service_accounts": [],
            "source_tags": [],
            "target_service_accounts": [],
            "target_tags": [
              "http-server"
            ],
            "timeouts": null
          },
          "sensitive_attributes": [],
          "private": "eyJlMmJmYjczMC1lY2FhLTExZTYtOGY4OC0zNDM2M2JjN2M0YzAiOnsiY3JlYXRlIjoyNDAwMDAwMDAwMDAsImRlbGV0ZSI6MjQwMDAwMDAwMDAwLCJ1cGRhdGUiOjI0MDAwMDAwMDAwMH0sInNjaGVtYV92ZXJzaW9uIjoiMSJ9"
        }
      ]
    },
    {
      "mode": "managed",
      "type": "google_compute_instance",
      "name": "default",
      "provider": "provider[\"registry.terraform.io/hashicorp/google\"]",
      "instances": [
        {
          "schema_version": 6,
          "attributes": {
            "advanced_machine_features": [],
            "allow_stopping_for_update": null,
            "attached_disk": [],
            "boot_disk": [
              {
                "auto_delete": true,
                "device_name": "persistent-disk-0",
                "disk_encryption_key_raw": "",
                "disk_encryption_key_sha256": "",
                "initialize_params": [
                  {
                    "image": "https://www.googleapis.com/compute/v1/projects/debian-cloud/global/images/debian-9-stretch-v20211105",
                    "labels": {},
                    "size": 10,
                    "type": "pd-standard"
                  }
                ],
                "kms_key_self_link": "",
                "mode": "READ_WRITE",
                "source": "https://www.googleapis.com/compute/v1/projects/mlops-332118/zones/us-west1-a/disks/flask-vm-eab46b22bf1ff3b6"
              }
            ],
            "can_ip_forward": false,
            "confidential_instance_config": [],
            "cpu_platform": "Intel Broadwell",
            "current_status": "RUNNING",
            "deletion_protection": false,
            "description": "",
            "desired_status": null,
            "enable_display": false,
            "guest_accelerator": [],
            "hostname": "",
            "id": "projects/mlops-332118/zones/us-west1-a/instances/flask-vm-eab46b22bf1ff3b6",
            "instance_id": "5202557170901126116",
            "label_fingerprint": "42WmSpB8rSM=",
            "labels": {},
            "machine_type": "f1-micro",
            "metadata": {
              "ssh-keys": "duc nguyen:ssh-rsa AAAAB3NzaC1yc2EAAAADAQABAAABgQC2rWkFP3nWUPSPC0XNQnGRNSIZOTWLUTWP8UlNPYvCbzEH9KyVrJU2GA/+gKh6nReUAllKEpapIbopFoShsbJKfEtEhxwP9faEDV7yKd3dmsgu4t9sCJ+lGHfmCMNMLh13+ntc3wW4S7lE7tYodPAI37gDK5cU5bCGtVEsSPsSb0hLxw0q/2rAGC7c4xKJlOgnrGW2l1kny5qrbWkEiyl/iy5XapCtYUoTtb1LGP8XnWXfY98a5dGdGi87zwW1+RIdSl9XJpqyTUClVeLWStOtzLw52JVTzLOKAwWj8ewcHEA3/9FqYGuJ4chdRDbE9nS4tUHEVdbdotwkUEgTGgO/NzN7795fH1+US+qpoIU6jLOVXL6kaXkljBQESWxYBbjIwsYd3SaYVMPo5daHEyGvLGmBoUqta3AY83pG05UWDq85SQ7pS8i6MhIrf3GN47NGLidk+CD1G/5BcDfVZs5mbJzvNfdqzniT0mb6Ait2gUIe2le4Kru2hjX4sESEHgM= duc nguyen@DESKTOP-EBBM1FR\r\n"
            },
            "metadata_fingerprint": "tVL7xT1kcFI=",
            "metadata_startup_script": "sudo apt-get update; sudo apt-get install -yq build-essential python-pip rsync; pip install flask",
            "min_cpu_platform": "",
            "name": "flask-vm-eab46b22bf1ff3b6",
            "network_interface": [
              {
                "access_config": [
                  {
                    "nat_ip": "34.83.150.21",
                    "network_tier": "PREMIUM",
                    "public_ptr_domain_name": ""
                  }
                ],
                "alias_ip_range": [],
                "ipv6_access_config": [],
                "ipv6_access_type": "",
                "name": "nic0",
                "network": "https://www.googleapis.com/compute/v1/projects/mlops-332118/global/networks/default",
                "network_ip": "10.138.0.2",
                "nic_type": "",
                "stack_type": "IPV4_ONLY",
                "subnetwork": "https://www.googleapis.com/compute/v1/projects/mlops-332118/regions/us-west1/subnetworks/default",
                "subnetwork_project": "mlops-332118"
              }
            ],
            "project": "mlops-332118",
            "reservation_affinity": [],
            "resource_policies": [],
            "scheduling": [
              {
                "automatic_restart": true,
                "min_node_cpus": 0,
                "node_affinities": [],
                "on_host_maintenance": "MIGRATE",
                "preemptible": false
              }
            ],
            "scratch_disk": [],
            "self_link": "https://www.googleapis.com/compute/v1/projects/mlops-332118/zones/us-west1-a/instances/flask-vm-eab46b22bf1ff3b6",
            "service_account": [],
            "shielded_instance_config": [],
            "tags": [
              "http-server"
            ],
            "tags_fingerprint": "FYLDgkTKlA4=",
            "timeouts": null,
            "zone": "us-west1-a"
          },
          "sensitive_attributes": [],
          "private": "eyJlMmJmYjczMC1lY2FhLTExZTYtOGY4OC0zNDM2M2JjN2M0YzAiOnsiY3JlYXRlIjoxMjAwMDAwMDAwMDAwLCJkZWxldGUiOjEyMDAwMDAwMDAwMDAsInVwZGF0ZSI6MTIwMDAwMDAwMDAwMH0sInNjaGVtYV92ZXJzaW9uIjoiNiJ9",
          "dependencies": [
            "random_id.instance_id"
          ]
        }
      ]
    },
    {
      "mode": "managed",
      "type": "random_id",
      "name": "instance_id",
      "provider": "provider[\"registry.terraform.io/hashicorp/random\"]",
      "instances": [
        {
          "schema_version": 0,
          "attributes": {
            "b64_std": "6rRrIr8f87Y=",
            "b64_url": "6rRrIr8f87Y",
            "byte_length": 8,
            "dec": "16912260297662657462",
            "hex": "eab46b22bf1ff3b6",
            "id": "6rRrIr8f87Y",
            "keepers": null,
            "prefix": null
          },
          "sensitive_attributes": [],
          "private": "bnVsbA=="
        }
      ]
    }
  ]
}
